
Microsoft Visual Studio Solution File, Format Version 12.00
# Visual Studio Version 16
VisualStudioVersion = 16.0.28922.388
MinimumVisualStudioVersion = 10.0.40219.1
Project("{9A19103F-16F7-4668-BE54-9A1E7A4F7556}") = "Orders", "Orders\Orders.csproj", "{DB774325-33E6-42AA-BB62-8D240C798AB0}"
EndProject
Project("{9A19103F-16F7-4668-BE54-9A1E7A4F7556}") = "Orders.Tests", "Orders.Tests\Orders.Tests.csproj", "{13D03568-32BF-4789-BA95-2806E2237DF6}"
EndProject
Project("{9A19103F-16F7-4668-BE54-9A1E7A4F7556}") = "Orders.BusinessLogic", "Orders.BusinessLogic\Orders.BusinessLogic.csproj", "{454561DA-94F6-40F9-8666-81D646F6F7EC}"
EndProject
Project("{9A19103F-16F7-4668-BE54-9A1E7A4F7556}") = "Orders.DataAccess", "Orders.DataAccess\Orders.DataAccess.csproj", "{D061B439-669F-4812-8F45-0770ACCD3ABC}"
EndProject
Project("{9A19103F-16F7-4668-BE54-9A1E7A4F7556}") = "Orders.Common", "Orders.Common\Orders.Common.csproj", "{C29533F9-2C72-4FF1-8388-5360297A76B1}"
EndProject
Project("{9A19103F-16F7-4668-BE54-9A1E7A4F7556}") = "Orders.Search", "Orders.Search\Orders.Search.csproj", "{66A2D881-209F-4849-B097-F60DA889E98E}"
EndProject
Global
	GlobalSection(SolutionConfigurationPlatforms) = preSolution
		Debug|Any CPU = Debug|Any CPU
		Release|Any CPU = Release|Any CPU
	EndGlobalSection
	GlobalSection(ProjectConfigurationPlatforms) = postSolution
		{DB774325-33E6-42AA-BB62-8D240C798AB0}.Debug|Any CPU.ActiveCfg = Debug|Any CPU
		{DB774325-33E6-42AA-BB62-8D240C798AB0}.Debug|Any CPU.Build.0 = Debug|Any CPU
		{DB774325-33E6-42AA-BB62-8D240C798AB0}.Release|Any CPU.ActiveCfg = Release|Any CPU
		{DB774325-33E6-42AA-BB62-8D240C798AB0}.Release|Any CPU.Build.0 = Release|Any CPU
		{13D03568-32BF-4789-BA95-2806E2237DF6}.Debug|Any CPU.ActiveCfg = Debug|Any CPU
		{13D03568-32BF-4789-BA95-2806E2237DF6}.Debug|Any CPU.Build.0 = Debug|Any CPU
		{13D03568-32BF-4789-BA95-2806E2237DF6}.Release|Any CPU.ActiveCfg = Release|Any CPU
		{13D03568-32BF-4789-BA95-2806E2237DF6}.Release|Any CPU.Build.0 = Release|Any CPU
		{454561DA-94F6-40F9-8666-81D646F6F7EC}.Debug|Any CPU.ActiveCfg = Debug|Any CPU
		{454561DA-94F6-40F9-8666-81D646F6F7EC}.Debug|Any CPU.Build.0 = Debug|Any CPU
		{454561DA-94F6-40F9-8666-81D646F6F7EC}.Release|Any CPU.ActiveCfg = Release|Any CPU
		{454561DA-94F6-40F9-8666-81D646F6F7EC}.Release|Any CPU.Build.0 = Release|Any CPU
		{D061B439-669F-4812-8F45-0770ACCD3ABC}.Debug|Any CPU.ActiveCfg = Debug|Any CPU
		{D061B439-669F-4812-8F45-0770ACCD3ABC}.Debug|Any CPU.Build.0 = Debug|Any CPU
		{D061B439-669F-4812-8F45-0770ACCD3ABC}.Release|Any CPU.ActiveCfg = Release|Any CPU
		{D061B439-669F-4812-8F45-0770ACCD3ABC}.Release|Any CPU.Build.0 = Release|Any CPU
		{C29533F9-2C72-4FF1-8388-5360297A76B1}.Debug|Any CPU.ActiveCfg = Debug|Any CPU
		{C29533F9-2C72-4FF1-8388-5360297A76B1}.Debug|Any CPU.Build.0 = Debug|Any CPU
		{C29533F9-2C72-4FF1-8388-5360297A76B1}.Release|Any CPU.ActiveCfg = Release|Any CPU
		{C29533F9-2C72-4FF1-8388-5360297A76B1}.Release|Any CPU.Build.0 = Release|Any CPU
		{66A2D881-209F-4849-B097-F60DA889E98E}.Debug|Any CPU.ActiveCfg = Debug|Any CPU
		{66A2D881-209F-4849-B097-F60DA889E98E}.Debug|Any CPU.Build.0 = Debug|Any CPU
		{66A2D881-209F-4849-B097-F60DA889E98E}.Release|Any CPU.ActiveCfg = Release|Any CPU
		{66A2D881-209F-4849-B097-F60DA889E98E}.Release|Any CPU.Build.0 = Release|Any CPU
	EndGlobalSection
	GlobalSection(SolutionProperties) = preSolution
		HideSolutionNode = FALSE
	EndGlobalSection
	GlobalSection(ExtensibilityGlobals) = postSolution
		SolutionGuid = {A4C9DFA8-54D8-4741-A27B-56D1717FF52F}
	EndGlobalSection
EndGlobal
